# This file is automatically @generated by Cargo.
# It is not intended for manual editing.
version = 4

[[package]]
name = "rhapsody-agent"
version = "0.1.0"

[[package]]
name = "rhapsody-config"
version = "0.1.0"

[[package]]
name = "rhapsody-core"
version = "0.1.0"

[[package]]
name = "rhapsody-httpapi"
version = "0.1.0"

[[package]]
name = "rhapsody-mcp"
version = "0.1.0"

[[package]]
name = "rhapsody-orchestrator"
version = "0.1.0"

[[package]]
name = "rhapsody-store"
version = "0.1.0"

[[package]]
name = "rhapsody-tracker"
version = "0.1.0"

[[package]]
name = "rhapsody-workspace"
version = "0.1.0"

[[package]]
name = "symphonyd"
version = "0.1.0"
